<Solution>
  <Folder Name="/src/">
    <Project Path="src/VieriNexus.Domain/VieriNexus.Domain.csproj" />
    <Project Path="src/VieriNexus.Contracts/VieriNexus.Contracts.csproj" />
    <Project Path="src/VieriNexus.Application/VieriNexus.Application.csproj" />
    <Project Path="src/VieriNexus.Plugin/VieriNexus.Plugin.csproj" />
  </Folder>
  <Folder Name="/tests/">
    <Project Path="tests/VieriNexus.Application.Tests/VieriNexus.Application.Tests.csproj" />
  </Folder>
</Solution>
